
Microsoft Visual Studio Solution File, Format Version 12.00
# Visual Studio Version 17
VisualStudioVersion = 17.0.32014.148
MinimumVisualStudioVersion = 10.0.40219.1
Project("{FAE04EC0-301F-11D3-BF4B-00C04F79EFBC}") = "winforms_submission", "winforms_submission\winforms_submission.csproj", "{3E343909-3858-4EE8-85F1-BBF56E118FF9}"
EndProject
Global
	GlobalSection(SolutionConfigurationPlatforms) = preSolution
		Debug|Any CPU = Debug|Any CPU
		Release|Any CPU = Release|Any CPU
	EndGlobalSection
	GlobalSection(ProjectConfigurationPlatforms) = postSolution
		{3E343909-3858-4EE8-85F1-BBF56E118FF9}.Debug|Any CPU.ActiveCfg = Debug|Any CPU
		{3E343909-3858-4EE8-85F1-BBF56E118FF9}.Debug|Any CPU.Build.0 = Debug|Any CPU
		{3E343909-3858-4EE8-85F1-BBF56E118FF9}.Release|Any CPU.ActiveCfg = Release|Any CPU
		{3E343909-3858-4EE8-85F1-BBF56E118FF9}.Release|Any CPU.Build.0 = Release|Any CPU
	EndGlobalSection
	GlobalSection(SolutionProperties) = preSolution
		HideSolutionNode = FALSE
	EndGlobalSection
	GlobalSection(ExtensibilityGlobals) = postSolution
		SolutionGuid = {EF4697B1-4D74-42D9-8113-00A44D8F67C1}
	EndGlobalSection
EndGlobal
